
Microsoft Visual Studio Solution File, Format Version 12.00
# Visual Studio Version 17
VisualStudioVersion = 17.12.35209.166
MinimumVisualStudioVersion = 10.0.40219.1
Project("{FAE04EC0-301F-11D3-BF4B-00C04F79EFBC}") = "C#", "ConsoleApp1\C#.csproj", "{87A96E7F-F25C-486D-90E1-6827577B0073}"
EndProject
Project("{8BC9CEB8-8B4A-11D0-8D11-00A0C91BC942}") = "C++", "C++\C++.vcxproj", "{972E59CF-CBE7-4484-BFBE-42DD7A391D6B}"
EndProject
Global
	GlobalSection(SolutionConfigurationPlatforms) = preSolution
		Debug|Any CPU = Debug|Any CPU
		Debug|x64 = Debug|x64
		Debug|x86 = Debug|x86
		Release|Any CPU = Release|Any CPU
		Release|x64 = Release|x64
		Release|x86 = Release|x86
	EndGlobalSection
	GlobalSection(ProjectConfigurationPlatforms) = postSolution
		{87A96E7F-F25C-486D-90E1-6827577B0073}.Debug|Any CPU.ActiveCfg = Debug|Any CPU
		{87A96E7F-F25C-486D-90E1-6827577B0073}.Debug|Any CPU.Build.0 = Debug|Any CPU
		{87A96E7F-F25C-486D-90E1-6827577B0073}.Debug|x64.ActiveCfg = Debug|Any CPU
		{87A96E7F-F25C-486D-90E1-6827577B0073}.Debug|x64.Build.0 = Debug|Any CPU
		{87A96E7F-F25C-486D-90E1-6827577B0073}.Debug|x86.ActiveCfg = Debug|Any CPU
		{87A96E7F-F25C-486D-90E1-6827577B0073}.Debug|x86.Build.0 = Debug|Any CPU
		{87A96E7F-F25C-486D-90E1-6827577B0073}.Release|Any CPU.ActiveCfg = Release|Any CPU
		{87A96E7F-F25C-486D-90E1-6827577B0073}.Release|Any CPU.Build.0 = Release|Any CPU
		{87A96E7F-F25C-486D-90E1-6827577B0073}.Release|x64.ActiveCfg = Release|Any CPU
		{87A96E7F-F25C-486D-90E1-6827577B0073}.Release|x64.Build.0 = Release|Any CPU
		{87A96E7F-F25C-486D-90E1-6827577B0073}.Release|x86.ActiveCfg = Release|Any CPU
		{87A96E7F-F25C-486D-90E1-6827577B0073}.Release|x86.Build.0 = Release|Any CPU
		{972E59CF-CBE7-4484-BFBE-42DD7A391D6B}.Debug|Any CPU.ActiveCfg = Debug|x64
		{972E59CF-CBE7-4484-BFBE-42DD7A391D6B}.Debug|Any CPU.Build.0 = Debug|x64
		{972E59CF-CBE7-4484-BFBE-42DD7A391D6B}.Debug|x64.ActiveCfg = Debug|x64
		{972E59CF-CBE7-4484-BFBE-42DD7A391D6B}.Debug|x64.Build.0 = Debug|x64
		{972E59CF-CBE7-4484-BFBE-42DD7A391D6B}.Debug|x86.ActiveCfg = Debug|Win32
		{972E59CF-CBE7-4484-BFBE-42DD7A391D6B}.Debug|x86.Build.0 = Debug|Win32
		{972E59CF-CBE7-4484-BFBE-42DD7A391D6B}.Release|Any CPU.ActiveCfg = Release|x64
		{972E59CF-CBE7-4484-BFBE-42DD7A391D6B}.Release|Any CPU.Build.0 = Release|x64
		{972E59CF-CBE7-4484-BFBE-42DD7A391D6B}.Release|x64.ActiveCfg = Release|x64
		{972E59CF-CBE7-4484-BFBE-42DD7A391D6B}.Release|x64.Build.0 = Release|x64
		{972E59CF-CBE7-4484-BFBE-42DD7A391D6B}.Release|x86.ActiveCfg = Release|Win32
		{972E59CF-CBE7-4484-BFBE-42DD7A391D6B}.Release|x86.Build.0 = Release|Win32
	EndGlobalSection
	GlobalSection(SolutionProperties) = preSolution
		HideSolutionNode = FALSE
	EndGlobalSection
	GlobalSection(ExtensibilityGlobals) = postSolution
		SolutionGuid = {32298598-AAA5-47B6-AFA6-93461794EDDA}
	EndGlobalSection
EndGlobal
